
Microsoft Visual Studio Solution File, Format Version 12.00
# Visual Studio Version 17
VisualStudioVersion = 17.3.32804.467
MinimumVisualStudioVersion = 10.0.40219.1
Project("{FAE04EC0-301F-11D3-BF4B-00C04F79EFBC}") = "Projekt2.0", "Projekt2.0.csproj", "{AFEFB3C7-9E9E-4B6F-B2BD-C52F37426FC3}"
EndProject
Project("{54435603-DBB4-11D2-8724-00A0C9A8B90C}") = "ProjektInstalator", "..\ProjektInstalator\ProjektInstalator.vdproj", "{D2F69707-3BE2-42AD-8B67-AF11E35DBE19}"
EndProject
Global
	GlobalSection(SolutionConfigurationPlatforms) = preSolution
		Debug|Any CPU = Debug|Any CPU
		Release|Any CPU = Release|Any CPU
	EndGlobalSection
	GlobalSection(ProjectConfigurationPlatforms) = postSolution
		{AFEFB3C7-9E9E-4B6F-B2BD-C52F37426FC3}.Debug|Any CPU.ActiveCfg = Debug|Any CPU
		{AFEFB3C7-9E9E-4B6F-B2BD-C52F37426FC3}.Debug|Any CPU.Build.0 = Debug|Any CPU
		{AFEFB3C7-9E9E-4B6F-B2BD-C52F37426FC3}.Release|Any CPU.ActiveCfg = Release|Any CPU
		{AFEFB3C7-9E9E-4B6F-B2BD-C52F37426FC3}.Release|Any CPU.Build.0 = Release|Any CPU
		{D2F69707-3BE2-42AD-8B67-AF11E35DBE19}.Debug|Any CPU.ActiveCfg = Debug
		{D2F69707-3BE2-42AD-8B67-AF11E35DBE19}.Release|Any CPU.ActiveCfg = Release
	EndGlobalSection
	GlobalSection(SolutionProperties) = preSolution
		HideSolutionNode = FALSE
	EndGlobalSection
	GlobalSection(ExtensibilityGlobals) = postSolution
		SolutionGuid = {C6B8BF3C-88AB-41A1-91F5-B859E7D3BF0D}
	EndGlobalSection
EndGlobal
